{
  "nodes": {
    "disko": {
      "inputs": {
        "nixpkgs": [
          "nixpkgs"
        ]
      },
      "locked": {
        "lastModified": 1764110879,
        "narHash": "sha256-xanUzIb0tf3kJ+PoOFmXEXV1jM3PjkDT/TQ5DYeNYRc=",
        "owner": "nix-community",
        "repo": "disko",
        "rev": "aecba248f9a7d68c5d1ed15de2d1c8a4c994a3c5",
        "type": "github"
      },
      "original": {
        "owner": "nix-community",
        "repo": "disko",
        "type": "github"
      }
    },
    "nixos-hardware": {
      "locked": {
        "lastModified": 1756749690,
        "narHash": "sha256-2h4tUbk+2NroNIzr+adjKl0ZVY84LHAySpHXLCcn1Cc=",
        "owner": "NixOS",
        "repo": "nixos-hardware",
        "rev": "321cb2173bc3a6a2ccb1d50dea2373950720efad",
        "type": "github"
      },
      "original": {
        "owner": "NixOS",
        "repo": "nixos-hardware",
        "rev": "321cb2173bc3a6a2ccb1d50dea2373950720efad",
        "type": "github"
      }
    },
    "nixos-tuberlin": {
      "flake": false,
      "locked": {
        "lastModified": 1762461517,
        "narHash": "sha256-p6YMZmVCmXI5EIdMB0uBTpNNijmxZTG8x1Jth+a6VnU=",
        "ref": "refs/heads/main",
        "rev": "1f9674215886b4e3912119bff04ae62a4f848f7b",
        "revCount": 25,
        "type": "git",
        "url": "https://git.tu-berlin.de/hamza.tmm/nixos-tuberlin.git"
      },
      "original": {
        "type": "git",
        "url": "https://git.tu-berlin.de/hamza.tmm/nixos-tuberlin.git"
      }
    },
    "nixpkgs": {
      "locked": {
        "lastModified": 1764020296,
        "narHash": "sha256-6zddwDs2n+n01l+1TG6PlyokDdXzu/oBmEejcH5L5+A=",
        "owner": "NixOS",
        "repo": "nixpkgs",
        "rev": "a320ce8e6e2cc6b4397eef214d202a50a4583829",
        "type": "github"
      },
      "original": {
        "owner": "NixOS",
        "ref": "nixos-25.11",
        "repo": "nixpkgs",
        "type": "github"
      }
    },
    "nixpkgs-small": {
      "locked": {
        "lastModified": 1764245472,
        "narHash": "sha256-udCSZoKawLiNJKFQgikkN96tvVJggs61ihRq8sRt8tM=",
        "owner": "NixOS",
        "repo": "nixpkgs",
        "rev": "6c16b7ce10e5ef1fee3aecfb327be61888818a7a",
        "type": "github"
      },
      "original": {
        "owner": "NixOS",
        "ref": "nixos-unstable-small",
        "repo": "nixpkgs",
        "type": "github"
      }
    },
    "nixpkgs-stable": {
      "locked": {
        "lastModified": 1763948260,
        "narHash": "sha256-dY9qLD0H0zOUgU3vWacPY6Qc421BeQAfm8kBuBtPVE0=",
        "owner": "NixOS",
        "repo": "nixpkgs",
        "rev": "1c8ba8d3f7634acac4a2094eef7c32ad9106532c",
        "type": "github"
      },
      "original": {
        "owner": "NixOS",
        "ref": "nixos-25.05",
        "repo": "nixpkgs",
        "type": "github"
      }
    },
    "nixpkgs_2": {
      "locked": {
        "lastModified": 1763618868,
        "narHash": "sha256-v5afmLjn/uyD9EQuPBn7nZuaZVV9r+JerayK/4wvdWA=",
        "owner": "NixOS",
        "repo": "nixpkgs",
        "rev": "a8d610af3f1a5fb71e23e08434d8d61a466fc942",
        "type": "github"
      },
      "original": {
        "owner": "NixOS",
        "ref": "nixpkgs-unstable",
        "repo": "nixpkgs",
        "type": "github"
      }
    },
    "root": {
      "inputs": {
        "disko": "disko",
        "nixos-hardware": "nixos-hardware",
        "nixos-tuberlin": "nixos-tuberlin",
        "nixpkgs": "nixpkgs",
        "nixpkgs-small": "nixpkgs-small",
        "nixpkgs-stable": "nixpkgs-stable",
        "sops-nix": "sops-nix"
      }
    },
    "sops-nix": {
      "inputs": {
        "nixpkgs": "nixpkgs_2"
      },
      "locked": {
        "lastModified": 1764021963,
        "narHash": "sha256-1m84V2ROwNEbqeS9t37/mkry23GBhfMt8qb6aHHmjuc=",
        "owner": "Mic92",
        "repo": "sops-nix",
        "rev": "c482a1c1bbe030be6688ed7dc84f7213f304f1ec",
        "type": "github"
      },
      "original": {
        "owner": "Mic92",
        "repo": "sops-nix",
        "type": "github"
      }
    }
  },
  "root": "root",
  "version": 7
}
